// !$*UTF8*$!
{
	archiveVersion = 1;
	classes = {
	};
	objectVersion = 55;
	objects = {

/* Begin PBXBuildFile section */
		5A6B0F13287BC6BF00486D63 /* SwiftUICharts in Frameworks */ = {isa = PBXBuildFile; productRef = 5A6B0F12287BC6BF00486D63 /* SwiftUICharts */; };
		5AD137F5287AF267005C8153 /* BucksApp.swift in Sources */ = {isa = PBXBuildFile; fileRef = 5AD137F4287AF267005C8153 /* BucksApp.swift */; };
		5AD137F7287AF267005C8153 /* ContentView.swift in Sources */ = {isa = PBXBuildFile; fileRef = 5AD137F6287AF267005C8153 /* ContentView.swift */; };
		5AD137F9287AF26C005C8153 /* Assets.xcassets in Resources */ = {isa = PBXBuildFile; fileRef = 5AD137F8287AF26C005C8153 /* Assets.xcassets */; };
		5AD137FC287AF26C005C8153 /* Preview Assets.xcassets in Resources */ = {isa = PBXBuildFile; fileRef = 5AD137FB287AF26C005C8153 /* Preview Assets.xcassets */; };
		5AD13803287B70B7005C8153 /* Extensions.swift in Sources */ = {isa = PBXBuildFile; fileRef = 5AD13802287B70B7005C8153 /* Extensions.swift */; };
		5AD13805287B852B005C8153 /* TransactionModel.swift in Sources */ = {isa = PBXBuildFile; fileRef = 5AD13804287B852B005C8153 /* TransactionModel.swift */; };
		5AD13807287B87A7005C8153 /* PreviewData.swift in Sources */ = {isa = PBXBuildFile; fileRef = 5AD13806287B87A7005C8153 /* PreviewData.swift */; };
		5AD13809287B8E4D005C8153 /* TransactionRow.swift in Sources */ = {isa = PBXBuildFile; fileRef = 5AD13808287B8E4D005C8153 /* TransactionRow.swift */; };
		5AD1380C287B95CA005C8153 /* SwiftUIFontIcon in Frameworks */ = {isa = PBXBuildFile; productRef = 5AD1380B287B95CA005C8153 /* SwiftUIFontIcon */; };
		5AD1380E287B97B1005C8153 /* TransactionListViewModel.swift in Sources */ = {isa = PBXBuildFile; fileRef = 5AD1380D287B97B1005C8153 /* TransactionListViewModel.swift */; };
		5AD13810287BA264005C8153 /* RecentTransactionList.swift in Sources */ = {isa = PBXBuildFile; fileRef = 5AD1380F287BA264005C8153 /* RecentTransactionList.swift */; };
		5AD13812287BBD4F005C8153 /* TransactionList.swift in Sources */ = {isa = PBXBuildFile; fileRef = 5AD13811287BBD4F005C8153 /* TransactionList.swift */; };
		5AD13815287BC2E3005C8153 /* Collections in Frameworks */ = {isa = PBXBuildFile; productRef = 5AD13814287BC2E3005C8153 /* Collections */; };
/* End PBXBuildFile section */

/* Begin PBXFileReference section */
		5AD137F1287AF267005C8153 /* Bucks.app */ = {isa = PBXFileReference; explicitFileType = wrapper.application; includeInIndex = 0; path = Bucks.app; sourceTree = BUILT_PRODUCTS_DIR; };
		5AD137F4287AF267005C8153 /* BucksApp.swift */ = {isa = PBXFileReference; lastKnownFileType = sourcecode.swift; path = BucksApp.swift; sourceTree = "<group>"; };
		5AD137F6287AF267005C8153 /* ContentView.swift */ = {isa = PBXFileReference; lastKnownFileType = sourcecode.swift; path = ContentView.swift; sourceTree = "<group>"; };
		5AD137F8287AF26C005C8153 /* Assets.xcassets */ = {isa = PBXFileReference; lastKnownFileType = folder.assetcatalog; path = Assets.xcassets; sourceTree = "<group>"; };
		5AD137FB287AF26C005C8153 /* Preview Assets.xcassets */ = {isa = PBXFileReference; lastKnownFileType = folder.assetcatalog; path = "Preview Assets.xcassets"; sourceTree = "<group>"; };
		5AD13802287B70B7005C8153 /* Extensions.swift */ = {isa = PBXFileReference; lastKnownFileType = sourcecode.swift; path = Extensions.swift; sourceTree = "<group>"; };
		5AD13804287B852B005C8153 /* TransactionModel.swift */ = {isa = PBXFileReference; lastKnownFileType = sourcecode.swift; path = TransactionModel.swift; sourceTree = "<group>"; };
		5AD13806287B87A7005C8153 /* PreviewData.swift */ = {isa = PBXFileReference; lastKnownFileType = sourcecode.swift; path = PreviewData.swift; sourceTree = "<group>"; };
		5AD13808287B8E4D005C8153 /* TransactionRow.swift */ = {isa = PBXFileReference; lastKnownFileType = sourcecode.swift; path = TransactionRow.swift; sourceTree = "<group>"; };
		5AD1380D287B97B1005C8153 /* TransactionListViewModel.swift */ = {isa = PBXFileReference; lastKnownFileType = sourcecode.swift; path = TransactionListViewModel.swift; sourceTree = "<group>"; };
		5AD1380F287BA264005C8153 /* RecentTransactionList.swift */ = {isa = PBXFileReference; lastKnownFileType = sourcecode.swift; path = RecentTransactionList.swift; sourceTree = "<group>"; };
		5AD13811287BBD4F005C8153 /* TransactionList.swift */ = {isa = PBXFileReference; lastKnownFileType = sourcecode.swift; path = TransactionList.swift; sourceTree = "<group>"; };
/* End PBXFileReference section */

/* Begin PBXFrameworksBuildPhase section */
		5AD137EE287AF267005C8153 /* Frameworks */ = {
			isa = PBXFrameworksBuildPhase;
			buildActionMask = 2147483647;
			files = (
				5A6B0F13287BC6BF00486D63 /* SwiftUICharts in Frameworks */,
				5AD13815287BC2E3005C8153 /* Collections in Frameworks */,
				5AD1380C287B95CA005C8153 /* SwiftUIFontIcon in Frameworks */,
			);
			runOnlyForDeploymentPostprocessing = 0;
		};
/* End PBXFrameworksBuildPhase section */

/* Begin PBXGroup section */
		5AD137E8287AF267005C8153 = {
			isa = PBXGroup;
			children = (
				5AD137F3287AF267005C8153 /* Bucks */,
				5AD137F2287AF267005C8153 /* Products */,
			);
			sourceTree = "<group>";
		};
		5AD137F2287AF267005C8153 /* Products */ = {
			isa = PBXGroup;
			children = (
				5AD137F1287AF267005C8153 /* Bucks.app */,
			);
			name = Products;
			sourceTree = "<group>";
		};
		5AD137F3287AF267005C8153 /* Bucks */ = {
			isa = PBXGroup;
			children = (
				5AD137F4287AF267005C8153 /* BucksApp.swift */,
				5AD137F6287AF267005C8153 /* ContentView.swift */,
				5AD13804287B852B005C8153 /* TransactionModel.swift */,
				5AD13808287B8E4D005C8153 /* TransactionRow.swift */,
				5AD1380D287B97B1005C8153 /* TransactionListViewModel.swift */,
				5AD13811287BBD4F005C8153 /* TransactionList.swift */,
				5AD1380F287BA264005C8153 /* RecentTransactionList.swift */,
				5AD13802287B70B7005C8153 /* Extensions.swift */,
				5AD137F8287AF26C005C8153 /* Assets.xcassets */,
				5AD137FA287AF26C005C8153 /* Preview Content */,
			);
			path = Bucks;
			sourceTree = "<group>";
		};
		5AD137FA287AF26C005C8153 /* Preview Content */ = {
			isa = PBXGroup;
			children = (
				5AD137FB287AF26C005C8153 /* Preview Assets.xcassets */,
				5AD13806287B87A7005C8153 /* PreviewData.swift */,
			);
			path = "Preview Content";
			sourceTree = "<group>";
		};
/* End PBXGroup section */

/* Begin PBXNativeTarget section */
		5AD137F0287AF267005C8153 /* Bucks */ = {
			isa = PBXNativeTarget;
			buildConfigurationList = 5AD137FF287AF26C005C8153 /* Build configuration list for PBXNativeTarget "Bucks" */;
			buildPhases = (
				5AD137ED287AF267005C8153 /* Sources */,
				5AD137EE287AF267005C8153 /* Frameworks */,
				5AD137EF287AF267005C8153 /* Resources */,
			);
			buildRules = (
			);
			dependencies = (
			);
			name = Bucks;
			packageProductDependencies = (
				5AD1380B287B95CA005C8153 /* SwiftUIFontIcon */,
				5AD13814287BC2E3005C8153 /* Collections */,
				5A6B0F12287BC6BF00486D63 /* SwiftUICharts */,
			);
			productName = Bucks;
			productReference = 5AD137F1287AF267005C8153 /* Bucks.app */;
			productType = "com.apple.product-type.application";
		};
/* End PBXNativeTarget section */

/* Begin PBXProject section */
		5AD137E9287AF267005C8153 /* Project object */ = {
			isa = PBXProject;
			attributes = {
				BuildIndependentTargetsInParallel = 1;
				LastSwiftUpdateCheck = 1340;
				LastUpgradeCheck = 1340;
				TargetAttributes = {
					5AD137F0287AF267005C8153 = {
						CreatedOnToolsVersion = 13.4.1;
					};
				};
			};
			buildConfigurationList = 5AD137EC287AF267005C8153 /* Build configuration list for PBXProject "Bucks" */;
			compatibilityVersion = "Xcode 13.0";
			developmentRegion = en;
			hasScannedForEncodings = 0;
			knownRegions = (
				en,
				Base,
			);
			mainGroup = 5AD137E8287AF267005C8153;
			packageReferences = (
				5AD1380A287B95CA005C8153 /* XCRemoteSwiftPackageReference "SwiftUIFontIcon" */,
				5AD13813287BC2E3005C8153 /* XCRemoteSwiftPackageReference "swift-collections" */,
				5A6B0F11287BC6BF00486D63 /* XCRemoteSwiftPackageReference "ChartView" */,
			);
			productRefGroup = 5AD137F2287AF267005C8153 /* Products */;
			projectDirPath = "";
			projectRoot = "";
			targets = (
				5AD137F0287AF267005C8153 /* Bucks */,
			);
		};
/* End PBXProject section */

/* Begin PBXResourcesBuildPhase section */
		5AD137EF287AF267005C8153 /* Resources */ = {
			isa = PBXResourcesBuildPhase;
			buildActionMask = 2147483647;
			files = (
				5AD137FC287AF26C005C8153 /* Preview Assets.xcassets in Resources */,
				5AD137F9287AF26C005C8153 /* Assets.xcassets in Resources */,
			);
			runOnlyForDeploymentPostprocessing = 0;
		};
/* End PBXResourcesBuildPhase section */

/* Begin PBXSourcesBuildPhase section */
		5AD137ED287AF267005C8153 /* Sources */ = {
			isa = PBXSourcesBuildPhase;
			buildActionMask = 2147483647;
			files = (
				5AD13807287B87A7005C8153 /* PreviewData.swift in Sources */,
				5AD13812287BBD4F005C8153 /* TransactionList.swift in Sources */,
				5AD13810287BA264005C8153 /* RecentTransactionList.swift in Sources */,
				5AD13805287B852B005C8153 /* TransactionModel.swift in Sources */,
				5AD137F7287AF267005C8153 /* ContentView.swift in Sources */,
				5AD13809287B8E4D005C8153 /* TransactionRow.swift in Sources */,
				5AD13803287B70B7005C8153 /* Extensions.swift in Sources */,
				5AD1380E287B97B1005C8153 /* TransactionListViewModel.swift in Sources */,
				5AD137F5287AF267005C8153 /* BucksApp.swift in Sources */,
			);
			runOnlyForDeploymentPostprocessing = 0;
		};
/* End PBXSourcesBuildPhase section */

/* Begin XCBuildConfiguration section */
		5AD137FD287AF26C005C8153 /* Debug */ = {
			isa = XCBuildConfiguration;
			buildSettings = {
				ALWAYS_SEARCH_USER_PATHS = NO;
				CLANG_ANALYZER_NONNULL = YES;
				CLANG_ANALYZER_NUMBER_OBJECT_CONVERSION = YES_AGGRESSIVE;
				CLANG_CXX_LANGUAGE_STANDARD = "gnu++17";
				CLANG_ENABLE_MODULES = YES;
				CLANG_ENABLE_OBJC_ARC = YES;
				CLANG_ENABLE_OBJC_WEAK = YES;
				CLANG_WARN_BLOCK_CAPTURE_AUTORELEASING = YES;
				CLANG_WARN_BOOL_CONVERSION = YES;
				CLANG_WARN_COMMA = YES;
				CLANG_WARN_CONSTANT_CONVERSION = YES;
				CLANG_WARN_DEPRECATED_OBJC_IMPLEMENTATIONS = YES;
				CLANG_WARN_DIRECT_OBJC_ISA_USAGE = YES_ERROR;
				CLANG_WARN_DOCUMENTATION_COMMENTS = YES;
				CLANG_WARN_EMPTY_BODY = YES;
				CLANG_WARN_ENUM_CONVERSION = YES;
				CLANG_WARN_INFINITE_RECURSION = YES;
				CLANG_WARN_INT_CONVERSION = YES;
				CLANG_WARN_NON_LITERAL_NULL_CONVERSION = YES;
				CLANG_WARN_OBJC_IMPLICIT_RETAIN_SELF = YES;
				CLANG_WARN_OBJC_LITERAL_CONVERSION = YES;
				CLANG_WARN_OBJC_ROOT_CLASS = YES_ERROR;
				CLANG_WARN_QUOTED_INCLUDE_IN_FRAMEWORK_HEADER = YES;
				CLANG_WARN_RANGE_LOOP_ANALYSIS = YES;
				CLANG_WARN_STRICT_PROTOTYPES = YES;
				CLANG_WARN_SUSPICIOUS_MOVE = YES;
				CLANG_WARN_UNGUARDED_AVAILABILITY = YES_AGGRESSIVE;
				CLANG_WARN_UNREACHABLE_CODE = YES;
				CLANG_WARN__DUPLICATE_METHOD_MATCH = YES;
				COPY_PHASE_STRIP = NO;
				DEBUG_INFORMATION_FORMAT = dwarf;
				ENABLE_STRICT_OBJC_MSGSEND = YES;
				ENABLE_TESTABILITY = YES;
				GCC_C_LANGUAGE_STANDARD = gnu11;
				GCC_DYNAMIC_NO_PIC = NO;
				GCC_NO_COMMON_BLOCKS = YES;
				GCC_OPTIMIZATION_LEVEL = 0;
				GCC_PREPROCESSOR_DEFINITIONS = (
					"DEBUG=1",
					"$(inherited)",
				);
				GCC_WARN_64_TO_32_BIT_CONVERSION = YES;
				GCC_WARN_ABOUT_RETURN_TYPE = YES_ERROR;
				GCC_WARN_UNDECLARED_SELECTOR = YES;
				GCC_WARN_UNINITIALIZED_AUTOS = YES_AGGRESSIVE;
				GCC_WARN_UNUSED_FUNCTION = YES;
				GCC_WARN_UNUSED_VARIABLE = YES;
				IPHONEOS_DEPLOYMENT_TARGET = 15.5;
				MTL_ENABLE_DEBUG_INFO = INCLUDE_SOURCE;
				MTL_FAST_MATH = YES;
				ONLY_ACTIVE_ARCH = YES;
				SDKROOT = iphoneos;
				SWIFT_ACTIVE_COMPILATION_CONDITIONS = DEBUG;
				SWIFT_OPTIMIZATION_LEVEL = "-Onone";
			};
			name = Debug;
		};
		5AD137FE287AF26C005C8153 /* Release */ = {
			isa = XCBuildConfiguration;
			buildSettings = {
				ALWAYS_SEARCH_USER_PATHS = NO;
				CLANG_ANALYZER_NONNULL = YES;
				CLANG_ANALYZER_NUMBER_OBJECT_CONVERSION = YES_AGGRESSIVE;
				CLANG_CXX_LANGUAGE_STANDARD = "gnu++17";
				CLANG_ENABLE_MODULES = YES;
				CLANG_ENABLE_OBJC_ARC = YES;
				CLANG_ENABLE_OBJC_WEAK = YES;
				CLANG_WARN_BLOCK_CAPTURE_AUTORELEASING = YES;
				CLANG_WARN_BOOL_CONVERSION = YES;
				CLANG_WARN_COMMA = YES;
				CLANG_WARN_CONSTANT_CONVERSION = YES;
				CLANG_WARN_DEPRECATED_OBJC_IMPLEMENTATIONS = YES;
				CLANG_WARN_DIRECT_OBJC_ISA_USAGE = YES_ERROR;
				CLANG_WARN_DOCUMENTATION_COMMENTS = YES;
				CLANG_WARN_EMPTY_BODY = YES;
				CLANG_WARN_ENUM_CONVERSION = YES;
				CLANG_WARN_INFINITE_RECURSION = YES;
				CLANG_WARN_INT_CONVERSION = YES;
				CLANG_WARN_NON_LITERAL_NULL_CONVERSION = YES;
				CLANG_WARN_OBJC_IMPLICIT_RETAIN_SELF = YES;
				CLANG_WARN_OBJC_LITERAL_CONVERSION = YES;
				CLANG_WARN_OBJC_ROOT_CLASS = YES_ERROR;
				CLANG_WARN_QUOTED_INCLUDE_IN_FRAMEWORK_HEADER = YES;
				CLANG_WARN_RANGE_LOOP_ANALYSIS = YES;
				CLANG_WARN_STRICT_PROTOTYPES = YES;
				CLANG_WARN_SUSPICIOUS_MOVE = YES;
				CLANG_WARN_UNGUARDED_AVAILABILITY = YES_AGGRESSIVE;
				CLANG_WARN_UNREACHABLE_CODE = YES;
				CLANG_WARN__DUPLICATE_METHOD_MATCH = YES;
				COPY_PHASE_STRIP = NO;
				DEBUG_INFORMATION_FORMAT = "dwarf-with-dsym";
				ENABLE_NS_ASSERTIONS = NO;
				ENABLE_STRICT_OBJC_MSGSEND = YES;
				GCC_C_LANGUAGE_STANDARD = gnu11;
				GCC_NO_COMMON_BLOCKS = YES;
				GCC_WARN_64_TO_32_BIT_CONVERSION = YES;
				GCC_WARN_ABOUT_RETURN_TYPE = YES_ERROR;
				GCC_WARN_UNDECLARED_SELECTOR = YES;
				GCC_WARN_UNINITIALIZED_AUTOS = YES_AGGRESSIVE;
				GCC_WARN_UNUSED_FUNCTION = YES;
				GCC_WARN_UNUSED_VARIABLE = YES;
				IPHONEOS_DEPLOYMENT_TARGET = 15.5;
				MTL_ENABLE_DEBUG_INFO = NO;
				MTL_FAST_MATH = YES;
				SDKROOT = iphoneos;
				SWIFT_COMPILATION_MODE = wholemodule;
				SWIFT_OPTIMIZATION_LEVEL = "-O";
				VALIDATE_PRODUCT = YES;
			};
			name = Release;
		};
		5AD13800287AF26C005C8153 /* Debug */ = {
			isa = XCBuildConfiguration;
			buildSettings = {
				ASSETCATALOG_COMPILER_APPICON_NAME = AppIcon;
				ASSETCATALOG_COMPILER_GLOBAL_ACCENT_COLOR_NAME = AccentColor;
				CODE_SIGN_STYLE = Automatic;
				CURRENT_PROJECT_VERSION = 1;
				DEVELOPMENT_ASSET_PATHS = "\"Bucks/Preview Content\"";
				DEVELOPMENT_TEAM = RC574NN3NX;
				ENABLE_PREVIEWS = YES;
				GENERATE_INFOPLIST_FILE = YES;
				INFOPLIST_KEY_UIApplicationSceneManifest_Generation = YES;
				INFOPLIST_KEY_UIApplicationSupportsIndirectInputEvents = YES;
				INFOPLIST_KEY_UILaunchScreen_Generation = YES;
				INFOPLIST_KEY_UISupportedInterfaceOrientations_iPad = "UIInterfaceOrientationPortrait UIInterfaceOrientationPortraitUpsideDown UIInterfaceOrientationLandscapeLeft UIInterfaceOrientationLandscapeRight";
				INFOPLIST_KEY_UISupportedInterfaceOrientations_iPhone = "UIInterfaceOrientationPortrait UIInterfaceOrientationLandscapeLeft UIInterfaceOrientationLandscapeRight";
				LD_RUNPATH_SEARCH_PATHS = (
					"$(inherited)",
					"@executable_path/Frameworks",
				);
				MARKETING_VERSION = 1.0;
				PRODUCT_BUNDLE_IDENTIFIER = Abhi.Bucks;
				PRODUCT_NAME = "$(TARGET_NAME)";
				SWIFT_EMIT_LOC_STRINGS = YES;
				SWIFT_VERSION = 5.0;
				TARGETED_DEVICE_FAMILY = "1,2";
			};
			name = Debug;
		};
		5AD13801287AF26C005C8153 /* Release */ = {
			isa = XCBuildConfiguration;
			buildSettings = {
				ASSETCATALOG_COMPILER_APPICON_NAME = AppIcon;
				ASSETCATALOG_COMPILER_GLOBAL_ACCENT_COLOR_NAME = AccentColor;
				CODE_SIGN_STYLE = Automatic;
				CURRENT_PROJECT_VERSION = 1;
				DEVELOPMENT_ASSET_PATHS = "\"Bucks/Preview Content\"";
				DEVELOPMENT_TEAM = RC574NN3NX;
				ENABLE_PREVIEWS = YES;
				GENERATE_INFOPLIST_FILE = YES;
				INFOPLIST_KEY_UIApplicationSceneManifest_Generation = YES;
				INFOPLIST_KEY_UIApplicationSupportsIndirectInputEvents = YES;
				INFOPLIST_KEY_UILaunchScreen_Generation = YES;
				INFOPLIST_KEY_UISupportedInterfaceOrientations_iPad = "UIInterfaceOrientationPortrait UIInterfaceOrientationPortraitUpsideDown UIInterfaceOrientationLandscapeLeft UIInterfaceOrientationLandscapeRight";
				INFOPLIST_KEY_UISupportedInterfaceOrientations_iPhone = "UIInterfaceOrientationPortrait UIInterfaceOrientationLandscapeLeft UIInterfaceOrientationLandscapeRight";
				LD_RUNPATH_SEARCH_PATHS = (
					"$(inherited)",
					"@executable_path/Frameworks",
				);
				MARKETING_VERSION = 1.0;
				PRODUCT_BUNDLE_IDENTIFIER = Abhi.Bucks;
				PRODUCT_NAME = "$(TARGET_NAME)";
				SWIFT_EMIT_LOC_STRINGS = YES;
				SWIFT_VERSION = 5.0;
				TARGETED_DEVICE_FAMILY = "1,2";
			};
			name = Release;
		};
/* End XCBuildConfiguration section */

/* Begin XCConfigurationList section */
		5AD137EC287AF267005C8153 /* Build configuration list for PBXProject "Bucks" */ = {
			isa = XCConfigurationList;
			buildConfigurations = (
				5AD137FD287AF26C005C8153 /* Debug */,
				5AD137FE287AF26C005C8153 /* Release */,
			);
			defaultConfigurationIsVisible = 0;
			defaultConfigurationName = Release;
		};
		5AD137FF287AF26C005C8153 /* Build configuration list for PBXNativeTarget "Bucks" */ = {
			isa = XCConfigurationList;
			buildConfigurations = (
				5AD13800287AF26C005C8153 /* Debug */,
				5AD13801287AF26C005C8153 /* Release */,
			);
			defaultConfigurationIsVisible = 0;
			defaultConfigurationName = Release;
		};
/* End XCConfigurationList section */

/* Begin XCRemoteSwiftPackageReference section */
		5A6B0F11287BC6BF00486D63 /* XCRemoteSwiftPackageReference "ChartView" */ = {
			isa = XCRemoteSwiftPackageReference;
			repositoryURL = "https://github.com/AppPear/ChartView";
			requirement = {
				kind = exactVersion;
				version = "2.0.0-beta.2";
			};
		};
		5AD1380A287B95CA005C8153 /* XCRemoteSwiftPackageReference "SwiftUIFontIcon" */ = {
			isa = XCRemoteSwiftPackageReference;
			repositoryURL = "https://github.com/huybuidac/SwiftUIFontIcon";
			requirement = {
				branch = master;
				kind = branch;
			};
		};
		5AD13813287BC2E3005C8153 /* XCRemoteSwiftPackageReference "swift-collections" */ = {
			isa = XCRemoteSwiftPackageReference;
			repositoryURL = "https://github.com/apple/swift-collections.git";
			requirement = {
				kind = upToNextMajorVersion;
				minimumVersion = 1.0.2;
			};
		};
/* End XCRemoteSwiftPackageReference section */

/* Begin XCSwiftPackageProductDependency section */
		5A6B0F12287BC6BF00486D63 /* SwiftUICharts */ = {
			isa = XCSwiftPackageProductDependency;
			package = 5A6B0F11287BC6BF00486D63 /* XCRemoteSwiftPackageReference "ChartView" */;
			productName = SwiftUICharts;
		};
		5AD1380B287B95CA005C8153 /* SwiftUIFontIcon */ = {
			isa = XCSwiftPackageProductDependency;
			package = 5AD1380A287B95CA005C8153 /* XCRemoteSwiftPackageReference "SwiftUIFontIcon" */;
			productName = SwiftUIFontIcon;
		};
		5AD13814287BC2E3005C8153 /* Collections */ = {
			isa = XCSwiftPackageProductDependency;
			package = 5AD13813287BC2E3005C8153 /* XCRemoteSwiftPackageReference "swift-collections" */;
			productName = Collections;
		};
/* End XCSwiftPackageProductDependency section */
	};
	rootObject = 5AD137E9287AF267005C8153 /* Project object */;
}
